
Microsoft Visual Studio Solution File, Format Version 12.00
# Visual Studio 15
VisualStudioVersion = 15.0.27703.2035
MinimumVisualStudioVersion = 10.0.40219.1
Project("{9A19103F-16F7-4668-BE54-9A1E7A4F7556}") = "RPGCore.Runner", "RPGCore.Runner\RPGCore.Runner.csproj", "{5EC6394B-AAB5-488A-A3A9-86181E5A578A}"
EndProject
Project("{9A19103F-16F7-4668-BE54-9A1E7A4F7556}") = "RPGCore.Behaviour", "RPGCore.Behaviour\RPGCore.Behaviour.csproj", "{4A600118-AA98-46C2-9234-40F6ABBE8FAD}"
EndProject
Project("{9A19103F-16F7-4668-BE54-9A1E7A4F7556}") = "RPGCore.Behaviour.UnitTests", "RPGCore.Behaviour.UnitTests\RPGCore.Behaviour.UnitTests.csproj", "{B823B7EA-D10E-4E2B-AE46-16CDA1D7C5B1}"
EndProject
Project("{9A19103F-16F7-4668-BE54-9A1E7A4F7556}") = "RPGCore.Editor", "RPGCore.Editor\RPGCore.Editor.csproj", "{ED645D4D-5A8E-4376-AA55-CBAFC4594B1B}"
EndProject
Project("{9A19103F-16F7-4668-BE54-9A1E7A4F7556}") = "RPGCore.Packages", "RPGCore.Packages\RPGCore.Packages.csproj", "{A74F918B-D16F-4EE9-B988-2981A38FD72A}"
EndProject
Global
	GlobalSection(SolutionConfigurationPlatforms) = preSolution
		Debug|Any CPU = Debug|Any CPU
		Debug|x64 = Debug|x64
		Release|Any CPU = Release|Any CPU
		Release|x64 = Release|x64
	EndGlobalSection
	GlobalSection(ProjectConfigurationPlatforms) = postSolution
		{5EC6394B-AAB5-488A-A3A9-86181E5A578A}.Debug|Any CPU.ActiveCfg = Debug|Any CPU
		{5EC6394B-AAB5-488A-A3A9-86181E5A578A}.Debug|Any CPU.Build.0 = Debug|Any CPU
		{5EC6394B-AAB5-488A-A3A9-86181E5A578A}.Debug|x64.ActiveCfg = Debug|Any CPU
		{5EC6394B-AAB5-488A-A3A9-86181E5A578A}.Debug|x64.Build.0 = Debug|Any CPU
		{5EC6394B-AAB5-488A-A3A9-86181E5A578A}.Release|Any CPU.ActiveCfg = Release|Any CPU
		{5EC6394B-AAB5-488A-A3A9-86181E5A578A}.Release|Any CPU.Build.0 = Release|Any CPU
		{5EC6394B-AAB5-488A-A3A9-86181E5A578A}.Release|x64.ActiveCfg = Release|Any CPU
		{5EC6394B-AAB5-488A-A3A9-86181E5A578A}.Release|x64.Build.0 = Release|Any CPU
		{4A600118-AA98-46C2-9234-40F6ABBE8FAD}.Debug|Any CPU.ActiveCfg = Debug|Any CPU
		{4A600118-AA98-46C2-9234-40F6ABBE8FAD}.Debug|Any CPU.Build.0 = Debug|Any CPU
		{4A600118-AA98-46C2-9234-40F6ABBE8FAD}.Debug|x64.ActiveCfg = Debug|Any CPU
		{4A600118-AA98-46C2-9234-40F6ABBE8FAD}.Debug|x64.Build.0 = Debug|Any CPU
		{4A600118-AA98-46C2-9234-40F6ABBE8FAD}.Release|Any CPU.ActiveCfg = Release|Any CPU
		{4A600118-AA98-46C2-9234-40F6ABBE8FAD}.Release|Any CPU.Build.0 = Release|Any CPU
		{4A600118-AA98-46C2-9234-40F6ABBE8FAD}.Release|x64.ActiveCfg = Release|Any CPU
		{4A600118-AA98-46C2-9234-40F6ABBE8FAD}.Release|x64.Build.0 = Release|Any CPU
		{B823B7EA-D10E-4E2B-AE46-16CDA1D7C5B1}.Debug|Any CPU.ActiveCfg = Debug|Any CPU
		{B823B7EA-D10E-4E2B-AE46-16CDA1D7C5B1}.Debug|Any CPU.Build.0 = Debug|Any CPU
		{B823B7EA-D10E-4E2B-AE46-16CDA1D7C5B1}.Debug|x64.ActiveCfg = Debug|Any CPU
		{B823B7EA-D10E-4E2B-AE46-16CDA1D7C5B1}.Debug|x64.Build.0 = Debug|Any CPU
		{B823B7EA-D10E-4E2B-AE46-16CDA1D7C5B1}.Release|Any CPU.ActiveCfg = Release|Any CPU
		{B823B7EA-D10E-4E2B-AE46-16CDA1D7C5B1}.Release|Any CPU.Build.0 = Release|Any CPU
		{B823B7EA-D10E-4E2B-AE46-16CDA1D7C5B1}.Release|x64.ActiveCfg = Release|Any CPU
		{ED645D4D-5A8E-4376-AA55-CBAFC4594B1B}.Debug|Any CPU.ActiveCfg = Debug|x64
		{ED645D4D-5A8E-4376-AA55-CBAFC4594B1B}.Debug|x64.ActiveCfg = Debug|x64
		{ED645D4D-5A8E-4376-AA55-CBAFC4594B1B}.Debug|x64.Build.0 = Debug|x64
		{ED645D4D-5A8E-4376-AA55-CBAFC4594B1B}.Release|Any CPU.ActiveCfg = Release|x64
		{ED645D4D-5A8E-4376-AA55-CBAFC4594B1B}.Release|x64.ActiveCfg = Release|x64
		{ED645D4D-5A8E-4376-AA55-CBAFC4594B1B}.Release|x64.Build.0 = Release|x64
		{A74F918B-D16F-4EE9-B988-2981A38FD72A}.Debug|Any CPU.ActiveCfg = Debug|Any CPU
		{A74F918B-D16F-4EE9-B988-2981A38FD72A}.Debug|Any CPU.Build.0 = Debug|Any CPU
		{A74F918B-D16F-4EE9-B988-2981A38FD72A}.Debug|x64.ActiveCfg = Debug|Any CPU
		{A74F918B-D16F-4EE9-B988-2981A38FD72A}.Debug|x64.Build.0 = Debug|Any CPU
		{A74F918B-D16F-4EE9-B988-2981A38FD72A}.Release|Any CPU.ActiveCfg = Release|Any CPU
		{A74F918B-D16F-4EE9-B988-2981A38FD72A}.Release|Any CPU.Build.0 = Release|Any CPU
		{A74F918B-D16F-4EE9-B988-2981A38FD72A}.Release|x64.ActiveCfg = Release|Any CPU
		{A74F918B-D16F-4EE9-B988-2981A38FD72A}.Release|x64.Build.0 = Release|Any CPU
	EndGlobalSection
	GlobalSection(SolutionProperties) = preSolution
		HideSolutionNode = FALSE
	EndGlobalSection
	GlobalSection(ExtensibilityGlobals) = postSolution
		SolutionGuid = {9917936B-BCD1-49E4-897D-B2CA658CBA31}
	EndGlobalSection
	GlobalSection(Performance) = preSolution
		HasPerformanceSessions = true
	EndGlobalSection
EndGlobal
