
Microsoft Visual Studio Solution File, Format Version 12.00
# Visual Studio Version 16
VisualStudioVersion = 16.0.29020.237
MinimumVisualStudioVersion = 10.0.40219.1
Project("{2150E333-8FDC-42A3-9474-1A3956D46DE8}") = "Solution Items", "Solution Items", "{F12F88D8-C148-4DA1-9953-CA2C29A25E2A}"
	ProjectSection(SolutionItems) = preProject
		.editorconfig = .editorconfig
	EndProjectSection
EndProject
Project("{9A19103F-16F7-4668-BE54-9A1E7A4F7556}") = "RPGCore.Behaviour", "libs\RPGCore.Behaviour\RPGCore.Behaviour.csproj", "{4A600118-AA98-46C2-9234-40F6ABBE8FAD}"
EndProject
Project("{9A19103F-16F7-4668-BE54-9A1E7A4F7556}") = "RPGCore.Behaviour.UnitTests", "tests\RPGCore.Behaviour.UnitTests\RPGCore.Behaviour.UnitTests.csproj", "{B823B7EA-D10E-4E2B-AE46-16CDA1D7C5B1}"
EndProject
Project("{9A19103F-16F7-4668-BE54-9A1E7A4F7556}") = "RPGCore.DataEditor", "libs\RPGCore.DataEditor\RPGCore.DataEditor.csproj", "{E08E4EC4-FE45-4929-B4C9-29A5D346D1F1}"
EndProject
Project("{9A19103F-16F7-4668-BE54-9A1E7A4F7556}") = "RPGCore.DataEditor.UnitTests", "tests\RPGCore.DataEditor.UnitTests\RPGCore.DataEditor.UnitTests.csproj", "{69377F21-B40F-4A90-9839-3CC21F59D9F0}"
EndProject
Project("{9A19103F-16F7-4668-BE54-9A1E7A4F7556}") = "RPGCore.Demo.BoardGame", "libs\RPGCore.Demo.BoardGame\RPGCore.Demo.BoardGame.csproj", "{B2364FC4-25B2-49E9-99AE-BDD1B674F7F8}"
EndProject
Project("{9A19103F-16F7-4668-BE54-9A1E7A4F7556}") = "RPGCore.Demo.BoardGame.CommandLine", "samples\RPGCore.Demo.BoardGame.CommandLine\RPGCore.Demo.BoardGame.CommandLine.csproj", "{812B4171-BA11-444C-86BA-123F4A9501B3}"
EndProject
Project("{9A19103F-16F7-4668-BE54-9A1E7A4F7556}") = "RPGCore.Demo.BoardGame.UnitTests", "tests\RPGCore.Demo.BoardGame.UnitTests\RPGCore.Demo.BoardGame.UnitTests.csproj", "{AC5A14C4-6B21-4D04-9D47-D7A67478B763}"
EndProject
Project("{9A19103F-16F7-4668-BE54-9A1E7A4F7556}") = "RPGCore.Demo.Inventory", "libs\RPGCore.Demo.Inventory\RPGCore.Demo.Inventory.csproj", "{3886077F-F28A-485A-9F16-CD105DC075A7}"
EndProject
Project("{9A19103F-16F7-4668-BE54-9A1E7A4F7556}") = "RPGCore.Documentation", "libs\RPGCore.Documentation\RPGCore.Documentation.csproj", "{F792AFE7-7EE1-40BC-8CEA-F2A35E7934B3}"
EndProject
Project("{9A19103F-16F7-4668-BE54-9A1E7A4F7556}") = "RPGCore.Events", "libs\RPGCore.Events\RPGCore.Events.csproj", "{76EF1BD5-001A-400B-9E3A-5C03C1F04ACC}"
EndProject
Project("{9A19103F-16F7-4668-BE54-9A1E7A4F7556}") = "RPGCore.Events.UnitTests", "tests\RPGCore.Events.UnitTests\RPGCore.Events.UnitTests.csproj", "{06B16C88-D310-4C85-81F4-4F26683A4D37}"
EndProject
Project("{9A19103F-16F7-4668-BE54-9A1E7A4F7556}") = "RPGCore.FileTree", "libs\RPGCore.FileTree\RPGCore.FileTree.csproj", "{643B2F42-BD79-4B78-B481-F2E959B705BB}"
EndProject
Project("{9A19103F-16F7-4668-BE54-9A1E7A4F7556}") = "RPGCore.FileTree.CommandLine", "samples\RPGCore.FileTree.CommandLine\RPGCore.FileTree.CommandLine.csproj", "{D649A300-7BA5-42A3-83C2-8BC0D6196C9F}"
EndProject
Project("{9A19103F-16F7-4668-BE54-9A1E7A4F7556}") = "RPGCore.FileTree.UnitTests", "tests\RPGCore.FileTree.UnitTests\RPGCore.FileTree.UnitTests.csproj", "{504C7076-5E14-4162-8CD3-5F5E93A97B9B}"
EndProject
Project("{9A19103F-16F7-4668-BE54-9A1E7A4F7556}") = "RPGCore.Inventories", "libs\RPGCore.Inventories\RPGCore.Inventories.csproj", "{602BF71D-5B05-4A75-8AFA-0C35613F8482}"
EndProject
Project("{9A19103F-16F7-4668-BE54-9A1E7A4F7556}") = "RPGCore.Inventories.UnitTests", "tests\RPGCore.Inventories.UnitTests\RPGCore.Inventories.UnitTests.csproj", "{82A44EBC-A87B-40A4-99E4-3C26BBCB8936}"
EndProject
Project("{9A19103F-16F7-4668-BE54-9A1E7A4F7556}") = "RPGCore.Items", "libs\RPGCore.Items\RPGCore.Items.csproj", "{25A76B73-0FD6-4E2C-BF83-17FEFAE0E23C}"
EndProject
Project("{9A19103F-16F7-4668-BE54-9A1E7A4F7556}") = "RPGCore.Items.UnitTests", "tests\RPGCore.Items.UnitTests\RPGCore.Items.UnitTests.csproj", "{F617BD9F-554E-4ED9-AAB1-E383F6615716}"
EndProject
Project("{9A19103F-16F7-4668-BE54-9A1E7A4F7556}") = "RPGCore.Packages", "libs\RPGCore.Packages\RPGCore.Packages.csproj", "{A74F918B-D16F-4EE9-B988-2981A38FD72A}"
EndProject
Project("{9A19103F-16F7-4668-BE54-9A1E7A4F7556}") = "RPGCore.Packages.UnitTests", "tests\RPGCore.Packages.UnitTests\RPGCore.Packages.UnitTests.csproj", "{129CC906-B8B6-42EC-B120-95AEC668F22B}"
EndProject
Project("{9A19103F-16F7-4668-BE54-9A1E7A4F7556}") = "RPGCore.Projects", "libs\RPGCore.Projects\RPGCore.Projects.csproj", "{DDEE9CCD-5600-4037-AA70-B13E1B6CC0D5}"
EndProject
Project("{9A19103F-16F7-4668-BE54-9A1E7A4F7556}") = "RPGCore.Projects.UnitTests", "tests\RPGCore.Projects.UnitTests\RPGCore.Projects.UnitTests.csproj", "{0A27C2F5-CFE0-423C-A07C-289CD0876008}"
EndProject
Project("{9A19103F-16F7-4668-BE54-9A1E7A4F7556}") = "RPGCore.Runner", "libs\RPGCore.Runner\RPGCore.Runner.csproj", "{5EC6394B-AAB5-488A-A3A9-86181E5A578A}"
EndProject
Project("{9A19103F-16F7-4668-BE54-9A1E7A4F7556}") = "RPGCore.Traits", "libs\RPGCore.Traits\RPGCore.Traits.csproj", "{B7A620C9-C4B8-4DDD-A68D-610405D9B365}"
EndProject
Project("{9A19103F-16F7-4668-BE54-9A1E7A4F7556}") = "RPGCore.Traits.UnitTests", "tests\RPGCore.Traits.UnitTests\RPGCore.Traits.UnitTests.csproj", "{16483ACE-6A20-43A3-B164-AC89173A7AA9}"
EndProject
Project("{9A19103F-16F7-4668-BE54-9A1E7A4F7556}") = "RPGCore.Unity", "libs\RPGCore.Unity\RPGCore.Unity.csproj", "{0FB4825A-6C6F-4B02-89A5-E788614B183C}"
EndProject
Project("{9A19103F-16F7-4668-BE54-9A1E7A4F7556}") = "RPGCore.World", "libs\RPGCore.World\RPGCore.World.csproj", "{6D8E4AA2-44C1-479A-BC84-6B7697182FD5}"
EndProject
Project("{9A19103F-16F7-4668-BE54-9A1E7A4F7556}") = "RPGCore.World.CommandLine", "samples\RPGCore.World.CommandLine\RPGCore.World.CommandLine.csproj", "{B4C0DCA2-D59F-48DA-84E2-FDB2F3108112}"
EndProject
Project("{9A19103F-16F7-4668-BE54-9A1E7A4F7556}") = "RPGCore.Data", "libs\RPGCore.Data\RPGCore.Data.csproj", "{398FA190-CF47-4EC6-AB38-2D868AD73E8B}"
EndProject
Project("{9A19103F-16F7-4668-BE54-9A1E7A4F7556}") = "RPGCore.Data.Polymorphic", "libs\RPGCore.Data.Polymorphic\RPGCore.Data.Polymorphic.csproj", "{38BF60CA-D059-4E58-A4F3-5DF86C6FCF39}"
EndProject
Project("{9A19103F-16F7-4668-BE54-9A1E7A4F7556}") = "RPGCore.Data.Polymorphic.NewtonsoftJson", "libs\RPGCore.Data.Polymorphic.NewtonsoftJson\RPGCore.Data.Polymorphic.NewtonsoftJson.csproj", "{6486BE48-2EA5-456A-AD16-1D3F0D93E894}"
EndProject
Project("{9A19103F-16F7-4668-BE54-9A1E7A4F7556}") = "RPGCore.Data.Polymorphic.SystemTextJson", "libs\RPGCore.Data.Polymorphic.SystemTextJson\RPGCore.Data.Polymorphic.SystemTextJson.csproj", "{EB4891B7-0417-43AD-9F39-AC649E929ED0}"
EndProject
Project("{9A19103F-16F7-4668-BE54-9A1E7A4F7556}") = "RPGCore.DataEditor.Blazor", "libs\RPGCore.DataEditor.Blazor\RPGCore.DataEditor.Blazor.csproj", "{7D0ED2F3-0E4C-42DF-A44A-431826C310D7}"
EndProject
Project("{9A19103F-16F7-4668-BE54-9A1E7A4F7556}") = "RPGCore.Data.Polymorphic.NewtonsoftJson.UnitTests", "tests\RPGCore.Data.Polymorphic.NewtonsoftJson.UnitTests\RPGCore.Data.Polymorphic.NewtonsoftJson.UnitTests.csproj", "{1042B32D-AF2B-4F5D-A310-44127209B3B3}"
EndProject
Project("{9A19103F-16F7-4668-BE54-9A1E7A4F7556}") = "RPGCore.Data.Polymorphic.SystemTextJson.UnitTests", "tests\RPGCore.Data.Polymorphic.SystemTextJson.UnitTests\RPGCore.Data.Polymorphic.SystemTextJson.UnitTests.csproj", "{8163CED0-B21C-4C12-91A3-2E49FE10834E}"
EndProject
Global
	GlobalSection(SolutionConfigurationPlatforms) = preSolution
		Debug|Any CPU = Debug|Any CPU
		Debug|x64 = Debug|x64
		Release|Any CPU = Release|Any CPU
		Release|x64 = Release|x64
	EndGlobalSection
	GlobalSection(ProjectConfigurationPlatforms) = postSolution
		{4A600118-AA98-46C2-9234-40F6ABBE8FAD}.Debug|Any CPU.ActiveCfg = Debug|Any CPU
		{4A600118-AA98-46C2-9234-40F6ABBE8FAD}.Debug|Any CPU.Build.0 = Debug|Any CPU
		{4A600118-AA98-46C2-9234-40F6ABBE8FAD}.Debug|x64.ActiveCfg = Debug|Any CPU
		{4A600118-AA98-46C2-9234-40F6ABBE8FAD}.Debug|x64.Build.0 = Debug|Any CPU
		{4A600118-AA98-46C2-9234-40F6ABBE8FAD}.Release|Any CPU.ActiveCfg = Release|Any CPU
		{4A600118-AA98-46C2-9234-40F6ABBE8FAD}.Release|Any CPU.Build.0 = Release|Any CPU
		{4A600118-AA98-46C2-9234-40F6ABBE8FAD}.Release|x64.ActiveCfg = Release|Any CPU
		{4A600118-AA98-46C2-9234-40F6ABBE8FAD}.Release|x64.Build.0 = Release|Any CPU
		{B823B7EA-D10E-4E2B-AE46-16CDA1D7C5B1}.Debug|Any CPU.ActiveCfg = Debug|Any CPU
		{B823B7EA-D10E-4E2B-AE46-16CDA1D7C5B1}.Debug|Any CPU.Build.0 = Debug|Any CPU
		{B823B7EA-D10E-4E2B-AE46-16CDA1D7C5B1}.Debug|x64.ActiveCfg = Debug|Any CPU
		{B823B7EA-D10E-4E2B-AE46-16CDA1D7C5B1}.Debug|x64.Build.0 = Debug|Any CPU
		{B823B7EA-D10E-4E2B-AE46-16CDA1D7C5B1}.Release|Any CPU.ActiveCfg = Release|Any CPU
		{B823B7EA-D10E-4E2B-AE46-16CDA1D7C5B1}.Release|Any CPU.Build.0 = Release|Any CPU
		{B823B7EA-D10E-4E2B-AE46-16CDA1D7C5B1}.Release|x64.ActiveCfg = Release|Any CPU
		{E08E4EC4-FE45-4929-B4C9-29A5D346D1F1}.Debug|Any CPU.ActiveCfg = Debug|Any CPU
		{E08E4EC4-FE45-4929-B4C9-29A5D346D1F1}.Debug|Any CPU.Build.0 = Debug|Any CPU
		{E08E4EC4-FE45-4929-B4C9-29A5D346D1F1}.Debug|x64.ActiveCfg = Debug|Any CPU
		{E08E4EC4-FE45-4929-B4C9-29A5D346D1F1}.Debug|x64.Build.0 = Debug|Any CPU
		{E08E4EC4-FE45-4929-B4C9-29A5D346D1F1}.Release|Any CPU.ActiveCfg = Release|Any CPU
		{E08E4EC4-FE45-4929-B4C9-29A5D346D1F1}.Release|Any CPU.Build.0 = Release|Any CPU
		{E08E4EC4-FE45-4929-B4C9-29A5D346D1F1}.Release|x64.ActiveCfg = Release|Any CPU
		{E08E4EC4-FE45-4929-B4C9-29A5D346D1F1}.Release|x64.Build.0 = Release|Any CPU
		{69377F21-B40F-4A90-9839-3CC21F59D9F0}.Debug|Any CPU.ActiveCfg = Debug|Any CPU
		{69377F21-B40F-4A90-9839-3CC21F59D9F0}.Debug|Any CPU.Build.0 = Debug|Any CPU
		{69377F21-B40F-4A90-9839-3CC21F59D9F0}.Debug|x64.ActiveCfg = Debug|Any CPU
		{69377F21-B40F-4A90-9839-3CC21F59D9F0}.Debug|x64.Build.0 = Debug|Any CPU
		{69377F21-B40F-4A90-9839-3CC21F59D9F0}.Release|Any CPU.ActiveCfg = Release|Any CPU
		{69377F21-B40F-4A90-9839-3CC21F59D9F0}.Release|Any CPU.Build.0 = Release|Any CPU
		{69377F21-B40F-4A90-9839-3CC21F59D9F0}.Release|x64.ActiveCfg = Release|Any CPU
		{69377F21-B40F-4A90-9839-3CC21F59D9F0}.Release|x64.Build.0 = Release|Any CPU
		{B2364FC4-25B2-49E9-99AE-BDD1B674F7F8}.Debug|Any CPU.ActiveCfg = Debug|Any CPU
		{B2364FC4-25B2-49E9-99AE-BDD1B674F7F8}.Debug|Any CPU.Build.0 = Debug|Any CPU
		{B2364FC4-25B2-49E9-99AE-BDD1B674F7F8}.Debug|x64.ActiveCfg = Debug|Any CPU
		{B2364FC4-25B2-49E9-99AE-BDD1B674F7F8}.Debug|x64.Build.0 = Debug|Any CPU
		{B2364FC4-25B2-49E9-99AE-BDD1B674F7F8}.Release|Any CPU.ActiveCfg = Release|Any CPU
		{B2364FC4-25B2-49E9-99AE-BDD1B674F7F8}.Release|Any CPU.Build.0 = Release|Any CPU
		{B2364FC4-25B2-49E9-99AE-BDD1B674F7F8}.Release|x64.ActiveCfg = Release|Any CPU
		{B2364FC4-25B2-49E9-99AE-BDD1B674F7F8}.Release|x64.Build.0 = Release|Any CPU
		{812B4171-BA11-444C-86BA-123F4A9501B3}.Debug|Any CPU.ActiveCfg = Debug|Any CPU
		{812B4171-BA11-444C-86BA-123F4A9501B3}.Debug|Any CPU.Build.0 = Debug|Any CPU
		{812B4171-BA11-444C-86BA-123F4A9501B3}.Debug|x64.ActiveCfg = Debug|Any CPU
		{812B4171-BA11-444C-86BA-123F4A9501B3}.Debug|x64.Build.0 = Debug|Any CPU
		{812B4171-BA11-444C-86BA-123F4A9501B3}.Release|Any CPU.ActiveCfg = Release|Any CPU
		{812B4171-BA11-444C-86BA-123F4A9501B3}.Release|Any CPU.Build.0 = Release|Any CPU
		{812B4171-BA11-444C-86BA-123F4A9501B3}.Release|x64.ActiveCfg = Release|Any CPU
		{812B4171-BA11-444C-86BA-123F4A9501B3}.Release|x64.Build.0 = Release|Any CPU
		{AC5A14C4-6B21-4D04-9D47-D7A67478B763}.Debug|Any CPU.ActiveCfg = Debug|Any CPU
		{AC5A14C4-6B21-4D04-9D47-D7A67478B763}.Debug|Any CPU.Build.0 = Debug|Any CPU
		{AC5A14C4-6B21-4D04-9D47-D7A67478B763}.Debug|x64.ActiveCfg = Debug|Any CPU
		{AC5A14C4-6B21-4D04-9D47-D7A67478B763}.Debug|x64.Build.0 = Debug|Any CPU
		{AC5A14C4-6B21-4D04-9D47-D7A67478B763}.Release|Any CPU.ActiveCfg = Release|Any CPU
		{AC5A14C4-6B21-4D04-9D47-D7A67478B763}.Release|Any CPU.Build.0 = Release|Any CPU
		{AC5A14C4-6B21-4D04-9D47-D7A67478B763}.Release|x64.ActiveCfg = Release|Any CPU
		{AC5A14C4-6B21-4D04-9D47-D7A67478B763}.Release|x64.Build.0 = Release|Any CPU
		{3886077F-F28A-485A-9F16-CD105DC075A7}.Debug|Any CPU.ActiveCfg = Debug|Any CPU
		{3886077F-F28A-485A-9F16-CD105DC075A7}.Debug|Any CPU.Build.0 = Debug|Any CPU
		{3886077F-F28A-485A-9F16-CD105DC075A7}.Debug|x64.ActiveCfg = Debug|Any CPU
		{3886077F-F28A-485A-9F16-CD105DC075A7}.Debug|x64.Build.0 = Debug|Any CPU
		{3886077F-F28A-485A-9F16-CD105DC075A7}.Release|Any CPU.ActiveCfg = Release|Any CPU
		{3886077F-F28A-485A-9F16-CD105DC075A7}.Release|Any CPU.Build.0 = Release|Any CPU
		{3886077F-F28A-485A-9F16-CD105DC075A7}.Release|x64.ActiveCfg = Release|Any CPU
		{3886077F-F28A-485A-9F16-CD105DC075A7}.Release|x64.Build.0 = Release|Any CPU
		{F792AFE7-7EE1-40BC-8CEA-F2A35E7934B3}.Debug|Any CPU.ActiveCfg = Debug|Any CPU
		{F792AFE7-7EE1-40BC-8CEA-F2A35E7934B3}.Debug|Any CPU.Build.0 = Debug|Any CPU
		{F792AFE7-7EE1-40BC-8CEA-F2A35E7934B3}.Debug|x64.ActiveCfg = Debug|Any CPU
		{F792AFE7-7EE1-40BC-8CEA-F2A35E7934B3}.Debug|x64.Build.0 = Debug|Any CPU
		{F792AFE7-7EE1-40BC-8CEA-F2A35E7934B3}.Release|Any CPU.ActiveCfg = Release|Any CPU
		{F792AFE7-7EE1-40BC-8CEA-F2A35E7934B3}.Release|Any CPU.Build.0 = Release|Any CPU
		{F792AFE7-7EE1-40BC-8CEA-F2A35E7934B3}.Release|x64.ActiveCfg = Release|Any CPU
		{F792AFE7-7EE1-40BC-8CEA-F2A35E7934B3}.Release|x64.Build.0 = Release|Any CPU
		{76EF1BD5-001A-400B-9E3A-5C03C1F04ACC}.Debug|Any CPU.ActiveCfg = Debug|Any CPU
		{76EF1BD5-001A-400B-9E3A-5C03C1F04ACC}.Debug|Any CPU.Build.0 = Debug|Any CPU
		{76EF1BD5-001A-400B-9E3A-5C03C1F04ACC}.Debug|x64.ActiveCfg = Debug|Any CPU
		{76EF1BD5-001A-400B-9E3A-5C03C1F04ACC}.Debug|x64.Build.0 = Debug|Any CPU
		{76EF1BD5-001A-400B-9E3A-5C03C1F04ACC}.Release|Any CPU.ActiveCfg = Release|Any CPU
		{76EF1BD5-001A-400B-9E3A-5C03C1F04ACC}.Release|Any CPU.Build.0 = Release|Any CPU
		{76EF1BD5-001A-400B-9E3A-5C03C1F04ACC}.Release|x64.ActiveCfg = Release|Any CPU
		{76EF1BD5-001A-400B-9E3A-5C03C1F04ACC}.Release|x64.Build.0 = Release|Any CPU
		{06B16C88-D310-4C85-81F4-4F26683A4D37}.Debug|Any CPU.ActiveCfg = Debug|Any CPU
		{06B16C88-D310-4C85-81F4-4F26683A4D37}.Debug|Any CPU.Build.0 = Debug|Any CPU
		{06B16C88-D310-4C85-81F4-4F26683A4D37}.Debug|x64.ActiveCfg = Debug|Any CPU
		{06B16C88-D310-4C85-81F4-4F26683A4D37}.Debug|x64.Build.0 = Debug|Any CPU
		{06B16C88-D310-4C85-81F4-4F26683A4D37}.Release|Any CPU.ActiveCfg = Release|Any CPU
		{06B16C88-D310-4C85-81F4-4F26683A4D37}.Release|Any CPU.Build.0 = Release|Any CPU
		{06B16C88-D310-4C85-81F4-4F26683A4D37}.Release|x64.ActiveCfg = Release|Any CPU
		{06B16C88-D310-4C85-81F4-4F26683A4D37}.Release|x64.Build.0 = Release|Any CPU
		{643B2F42-BD79-4B78-B481-F2E959B705BB}.Debug|Any CPU.ActiveCfg = Debug|Any CPU
		{643B2F42-BD79-4B78-B481-F2E959B705BB}.Debug|Any CPU.Build.0 = Debug|Any CPU
		{643B2F42-BD79-4B78-B481-F2E959B705BB}.Debug|x64.ActiveCfg = Debug|Any CPU
		{643B2F42-BD79-4B78-B481-F2E959B705BB}.Debug|x64.Build.0 = Debug|Any CPU
		{643B2F42-BD79-4B78-B481-F2E959B705BB}.Release|Any CPU.ActiveCfg = Release|Any CPU
		{643B2F42-BD79-4B78-B481-F2E959B705BB}.Release|Any CPU.Build.0 = Release|Any CPU
		{643B2F42-BD79-4B78-B481-F2E959B705BB}.Release|x64.ActiveCfg = Release|Any CPU
		{643B2F42-BD79-4B78-B481-F2E959B705BB}.Release|x64.Build.0 = Release|Any CPU
		{D649A300-7BA5-42A3-83C2-8BC0D6196C9F}.Debug|Any CPU.ActiveCfg = Debug|Any CPU
		{D649A300-7BA5-42A3-83C2-8BC0D6196C9F}.Debug|Any CPU.Build.0 = Debug|Any CPU
		{D649A300-7BA5-42A3-83C2-8BC0D6196C9F}.Debug|x64.ActiveCfg = Debug|Any CPU
		{D649A300-7BA5-42A3-83C2-8BC0D6196C9F}.Debug|x64.Build.0 = Debug|Any CPU
		{D649A300-7BA5-42A3-83C2-8BC0D6196C9F}.Release|Any CPU.ActiveCfg = Release|Any CPU
		{D649A300-7BA5-42A3-83C2-8BC0D6196C9F}.Release|Any CPU.Build.0 = Release|Any CPU
		{D649A300-7BA5-42A3-83C2-8BC0D6196C9F}.Release|x64.ActiveCfg = Release|Any CPU
		{D649A300-7BA5-42A3-83C2-8BC0D6196C9F}.Release|x64.Build.0 = Release|Any CPU
		{504C7076-5E14-4162-8CD3-5F5E93A97B9B}.Debug|Any CPU.ActiveCfg = Debug|Any CPU
		{504C7076-5E14-4162-8CD3-5F5E93A97B9B}.Debug|Any CPU.Build.0 = Debug|Any CPU
		{504C7076-5E14-4162-8CD3-5F5E93A97B9B}.Debug|x64.ActiveCfg = Debug|Any CPU
		{504C7076-5E14-4162-8CD3-5F5E93A97B9B}.Debug|x64.Build.0 = Debug|Any CPU
		{504C7076-5E14-4162-8CD3-5F5E93A97B9B}.Release|Any CPU.ActiveCfg = Release|Any CPU
		{504C7076-5E14-4162-8CD3-5F5E93A97B9B}.Release|Any CPU.Build.0 = Release|Any CPU
		{504C7076-5E14-4162-8CD3-5F5E93A97B9B}.Release|x64.ActiveCfg = Release|Any CPU
		{504C7076-5E14-4162-8CD3-5F5E93A97B9B}.Release|x64.Build.0 = Release|Any CPU
		{602BF71D-5B05-4A75-8AFA-0C35613F8482}.Debug|Any CPU.ActiveCfg = Debug|Any CPU
		{602BF71D-5B05-4A75-8AFA-0C35613F8482}.Debug|Any CPU.Build.0 = Debug|Any CPU
		{602BF71D-5B05-4A75-8AFA-0C35613F8482}.Debug|x64.ActiveCfg = Debug|Any CPU
		{602BF71D-5B05-4A75-8AFA-0C35613F8482}.Debug|x64.Build.0 = Debug|Any CPU
		{602BF71D-5B05-4A75-8AFA-0C35613F8482}.Release|Any CPU.ActiveCfg = Release|Any CPU
		{602BF71D-5B05-4A75-8AFA-0C35613F8482}.Release|Any CPU.Build.0 = Release|Any CPU
		{602BF71D-5B05-4A75-8AFA-0C35613F8482}.Release|x64.ActiveCfg = Release|Any CPU
		{602BF71D-5B05-4A75-8AFA-0C35613F8482}.Release|x64.Build.0 = Release|Any CPU
		{82A44EBC-A87B-40A4-99E4-3C26BBCB8936}.Debug|Any CPU.ActiveCfg = Debug|Any CPU
		{82A44EBC-A87B-40A4-99E4-3C26BBCB8936}.Debug|Any CPU.Build.0 = Debug|Any CPU
		{82A44EBC-A87B-40A4-99E4-3C26BBCB8936}.Debug|x64.ActiveCfg = Debug|Any CPU
		{82A44EBC-A87B-40A4-99E4-3C26BBCB8936}.Debug|x64.Build.0 = Debug|Any CPU
		{82A44EBC-A87B-40A4-99E4-3C26BBCB8936}.Release|Any CPU.ActiveCfg = Release|Any CPU
		{82A44EBC-A87B-40A4-99E4-3C26BBCB8936}.Release|Any CPU.Build.0 = Release|Any CPU
		{82A44EBC-A87B-40A4-99E4-3C26BBCB8936}.Release|x64.ActiveCfg = Release|Any CPU
		{82A44EBC-A87B-40A4-99E4-3C26BBCB8936}.Release|x64.Build.0 = Release|Any CPU
		{25A76B73-0FD6-4E2C-BF83-17FEFAE0E23C}.Debug|Any CPU.ActiveCfg = Debug|Any CPU
		{25A76B73-0FD6-4E2C-BF83-17FEFAE0E23C}.Debug|Any CPU.Build.0 = Debug|Any CPU
		{25A76B73-0FD6-4E2C-BF83-17FEFAE0E23C}.Debug|x64.ActiveCfg = Debug|Any CPU
		{25A76B73-0FD6-4E2C-BF83-17FEFAE0E23C}.Debug|x64.Build.0 = Debug|Any CPU
		{25A76B73-0FD6-4E2C-BF83-17FEFAE0E23C}.Release|Any CPU.ActiveCfg = Release|Any CPU
		{25A76B73-0FD6-4E2C-BF83-17FEFAE0E23C}.Release|Any CPU.Build.0 = Release|Any CPU
		{25A76B73-0FD6-4E2C-BF83-17FEFAE0E23C}.Release|x64.ActiveCfg = Release|Any CPU
		{25A76B73-0FD6-4E2C-BF83-17FEFAE0E23C}.Release|x64.Build.0 = Release|Any CPU
		{F617BD9F-554E-4ED9-AAB1-E383F6615716}.Debug|Any CPU.ActiveCfg = Debug|Any CPU
		{F617BD9F-554E-4ED9-AAB1-E383F6615716}.Debug|Any CPU.Build.0 = Debug|Any CPU
		{F617BD9F-554E-4ED9-AAB1-E383F6615716}.Debug|x64.ActiveCfg = Debug|Any CPU
		{F617BD9F-554E-4ED9-AAB1-E383F6615716}.Debug|x64.Build.0 = Debug|Any CPU
		{F617BD9F-554E-4ED9-AAB1-E383F6615716}.Release|Any CPU.ActiveCfg = Release|Any CPU
		{F617BD9F-554E-4ED9-AAB1-E383F6615716}.Release|Any CPU.Build.0 = Release|Any CPU
		{F617BD9F-554E-4ED9-AAB1-E383F6615716}.Release|x64.ActiveCfg = Release|Any CPU
		{F617BD9F-554E-4ED9-AAB1-E383F6615716}.Release|x64.Build.0 = Release|Any CPU
		{A74F918B-D16F-4EE9-B988-2981A38FD72A}.Debug|Any CPU.ActiveCfg = Debug|Any CPU
		{A74F918B-D16F-4EE9-B988-2981A38FD72A}.Debug|Any CPU.Build.0 = Debug|Any CPU
		{A74F918B-D16F-4EE9-B988-2981A38FD72A}.Debug|x64.ActiveCfg = Debug|Any CPU
		{A74F918B-D16F-4EE9-B988-2981A38FD72A}.Debug|x64.Build.0 = Debug|Any CPU
		{A74F918B-D16F-4EE9-B988-2981A38FD72A}.Release|Any CPU.ActiveCfg = Release|Any CPU
		{A74F918B-D16F-4EE9-B988-2981A38FD72A}.Release|Any CPU.Build.0 = Release|Any CPU
		{A74F918B-D16F-4EE9-B988-2981A38FD72A}.Release|x64.ActiveCfg = Release|Any CPU
		{A74F918B-D16F-4EE9-B988-2981A38FD72A}.Release|x64.Build.0 = Release|Any CPU
		{129CC906-B8B6-42EC-B120-95AEC668F22B}.Debug|Any CPU.ActiveCfg = Debug|Any CPU
		{129CC906-B8B6-42EC-B120-95AEC668F22B}.Debug|Any CPU.Build.0 = Debug|Any CPU
		{129CC906-B8B6-42EC-B120-95AEC668F22B}.Debug|x64.ActiveCfg = Debug|Any CPU
		{129CC906-B8B6-42EC-B120-95AEC668F22B}.Debug|x64.Build.0 = Debug|Any CPU
		{129CC906-B8B6-42EC-B120-95AEC668F22B}.Release|Any CPU.ActiveCfg = Release|Any CPU
		{129CC906-B8B6-42EC-B120-95AEC668F22B}.Release|Any CPU.Build.0 = Release|Any CPU
		{129CC906-B8B6-42EC-B120-95AEC668F22B}.Release|x64.ActiveCfg = Release|Any CPU
		{129CC906-B8B6-42EC-B120-95AEC668F22B}.Release|x64.Build.0 = Release|Any CPU
		{DDEE9CCD-5600-4037-AA70-B13E1B6CC0D5}.Debug|Any CPU.ActiveCfg = Debug|Any CPU
		{DDEE9CCD-5600-4037-AA70-B13E1B6CC0D5}.Debug|Any CPU.Build.0 = Debug|Any CPU
		{DDEE9CCD-5600-4037-AA70-B13E1B6CC0D5}.Debug|x64.ActiveCfg = Debug|Any CPU
		{DDEE9CCD-5600-4037-AA70-B13E1B6CC0D5}.Debug|x64.Build.0 = Debug|Any CPU
		{DDEE9CCD-5600-4037-AA70-B13E1B6CC0D5}.Release|Any CPU.ActiveCfg = Release|Any CPU
		{DDEE9CCD-5600-4037-AA70-B13E1B6CC0D5}.Release|Any CPU.Build.0 = Release|Any CPU
		{DDEE9CCD-5600-4037-AA70-B13E1B6CC0D5}.Release|x64.ActiveCfg = Release|Any CPU
		{DDEE9CCD-5600-4037-AA70-B13E1B6CC0D5}.Release|x64.Build.0 = Release|Any CPU
		{0A27C2F5-CFE0-423C-A07C-289CD0876008}.Debug|Any CPU.ActiveCfg = Debug|Any CPU
		{0A27C2F5-CFE0-423C-A07C-289CD0876008}.Debug|Any CPU.Build.0 = Debug|Any CPU
		{0A27C2F5-CFE0-423C-A07C-289CD0876008}.Debug|x64.ActiveCfg = Debug|Any CPU
		{0A27C2F5-CFE0-423C-A07C-289CD0876008}.Debug|x64.Build.0 = Debug|Any CPU
		{0A27C2F5-CFE0-423C-A07C-289CD0876008}.Release|Any CPU.ActiveCfg = Release|Any CPU
		{0A27C2F5-CFE0-423C-A07C-289CD0876008}.Release|Any CPU.Build.0 = Release|Any CPU
		{0A27C2F5-CFE0-423C-A07C-289CD0876008}.Release|x64.ActiveCfg = Release|Any CPU
		{0A27C2F5-CFE0-423C-A07C-289CD0876008}.Release|x64.Build.0 = Release|Any CPU
		{5EC6394B-AAB5-488A-A3A9-86181E5A578A}.Debug|Any CPU.ActiveCfg = Debug|Any CPU
		{5EC6394B-AAB5-488A-A3A9-86181E5A578A}.Debug|Any CPU.Build.0 = Debug|Any CPU
		{5EC6394B-AAB5-488A-A3A9-86181E5A578A}.Debug|x64.ActiveCfg = Debug|Any CPU
		{5EC6394B-AAB5-488A-A3A9-86181E5A578A}.Debug|x64.Build.0 = Debug|Any CPU
		{5EC6394B-AAB5-488A-A3A9-86181E5A578A}.Release|Any CPU.ActiveCfg = Release|Any CPU
		{5EC6394B-AAB5-488A-A3A9-86181E5A578A}.Release|Any CPU.Build.0 = Release|Any CPU
		{5EC6394B-AAB5-488A-A3A9-86181E5A578A}.Release|x64.ActiveCfg = Release|Any CPU
		{5EC6394B-AAB5-488A-A3A9-86181E5A578A}.Release|x64.Build.0 = Release|Any CPU
		{B7A620C9-C4B8-4DDD-A68D-610405D9B365}.Debug|Any CPU.ActiveCfg = Debug|Any CPU
		{B7A620C9-C4B8-4DDD-A68D-610405D9B365}.Debug|Any CPU.Build.0 = Debug|Any CPU
		{B7A620C9-C4B8-4DDD-A68D-610405D9B365}.Debug|x64.ActiveCfg = Debug|Any CPU
		{B7A620C9-C4B8-4DDD-A68D-610405D9B365}.Debug|x64.Build.0 = Debug|Any CPU
		{B7A620C9-C4B8-4DDD-A68D-610405D9B365}.Release|Any CPU.ActiveCfg = Release|Any CPU
		{B7A620C9-C4B8-4DDD-A68D-610405D9B365}.Release|Any CPU.Build.0 = Release|Any CPU
		{B7A620C9-C4B8-4DDD-A68D-610405D9B365}.Release|x64.ActiveCfg = Release|Any CPU
		{B7A620C9-C4B8-4DDD-A68D-610405D9B365}.Release|x64.Build.0 = Release|Any CPU
		{16483ACE-6A20-43A3-B164-AC89173A7AA9}.Debug|Any CPU.ActiveCfg = Debug|Any CPU
		{16483ACE-6A20-43A3-B164-AC89173A7AA9}.Debug|Any CPU.Build.0 = Debug|Any CPU
		{16483ACE-6A20-43A3-B164-AC89173A7AA9}.Debug|x64.ActiveCfg = Debug|Any CPU
		{16483ACE-6A20-43A3-B164-AC89173A7AA9}.Debug|x64.Build.0 = Debug|Any CPU
		{16483ACE-6A20-43A3-B164-AC89173A7AA9}.Release|Any CPU.ActiveCfg = Release|Any CPU
		{16483ACE-6A20-43A3-B164-AC89173A7AA9}.Release|Any CPU.Build.0 = Release|Any CPU
		{16483ACE-6A20-43A3-B164-AC89173A7AA9}.Release|x64.ActiveCfg = Release|Any CPU
		{16483ACE-6A20-43A3-B164-AC89173A7AA9}.Release|x64.Build.0 = Release|Any CPU
		{0FB4825A-6C6F-4B02-89A5-E788614B183C}.Debug|Any CPU.ActiveCfg = Debug|Any CPU
		{0FB4825A-6C6F-4B02-89A5-E788614B183C}.Debug|Any CPU.Build.0 = Debug|Any CPU
		{0FB4825A-6C6F-4B02-89A5-E788614B183C}.Debug|x64.ActiveCfg = Debug|Any CPU
		{0FB4825A-6C6F-4B02-89A5-E788614B183C}.Debug|x64.Build.0 = Debug|Any CPU
		{0FB4825A-6C6F-4B02-89A5-E788614B183C}.Release|Any CPU.ActiveCfg = Release|Any CPU
		{0FB4825A-6C6F-4B02-89A5-E788614B183C}.Release|Any CPU.Build.0 = Release|Any CPU
		{0FB4825A-6C6F-4B02-89A5-E788614B183C}.Release|x64.ActiveCfg = Release|Any CPU
		{0FB4825A-6C6F-4B02-89A5-E788614B183C}.Release|x64.Build.0 = Release|Any CPU
		{6D8E4AA2-44C1-479A-BC84-6B7697182FD5}.Debug|Any CPU.ActiveCfg = Debug|Any CPU
		{6D8E4AA2-44C1-479A-BC84-6B7697182FD5}.Debug|Any CPU.Build.0 = Debug|Any CPU
		{6D8E4AA2-44C1-479A-BC84-6B7697182FD5}.Debug|x64.ActiveCfg = Debug|Any CPU
		{6D8E4AA2-44C1-479A-BC84-6B7697182FD5}.Debug|x64.Build.0 = Debug|Any CPU
		{6D8E4AA2-44C1-479A-BC84-6B7697182FD5}.Release|Any CPU.ActiveCfg = Release|Any CPU
		{6D8E4AA2-44C1-479A-BC84-6B7697182FD5}.Release|Any CPU.Build.0 = Release|Any CPU
		{6D8E4AA2-44C1-479A-BC84-6B7697182FD5}.Release|x64.ActiveCfg = Release|Any CPU
		{6D8E4AA2-44C1-479A-BC84-6B7697182FD5}.Release|x64.Build.0 = Release|Any CPU
		{B4C0DCA2-D59F-48DA-84E2-FDB2F3108112}.Debug|Any CPU.ActiveCfg = Debug|Any CPU
		{B4C0DCA2-D59F-48DA-84E2-FDB2F3108112}.Debug|Any CPU.Build.0 = Debug|Any CPU
		{B4C0DCA2-D59F-48DA-84E2-FDB2F3108112}.Debug|x64.ActiveCfg = Debug|Any CPU
		{B4C0DCA2-D59F-48DA-84E2-FDB2F3108112}.Debug|x64.Build.0 = Debug|Any CPU
		{B4C0DCA2-D59F-48DA-84E2-FDB2F3108112}.Release|Any CPU.ActiveCfg = Release|Any CPU
		{B4C0DCA2-D59F-48DA-84E2-FDB2F3108112}.Release|Any CPU.Build.0 = Release|Any CPU
		{B4C0DCA2-D59F-48DA-84E2-FDB2F3108112}.Release|x64.ActiveCfg = Release|Any CPU
		{B4C0DCA2-D59F-48DA-84E2-FDB2F3108112}.Release|x64.Build.0 = Release|Any CPU
		{398FA190-CF47-4EC6-AB38-2D868AD73E8B}.Debug|Any CPU.ActiveCfg = Debug|Any CPU
		{398FA190-CF47-4EC6-AB38-2D868AD73E8B}.Debug|Any CPU.Build.0 = Debug|Any CPU
		{398FA190-CF47-4EC6-AB38-2D868AD73E8B}.Debug|x64.ActiveCfg = Debug|Any CPU
		{398FA190-CF47-4EC6-AB38-2D868AD73E8B}.Debug|x64.Build.0 = Debug|Any CPU
		{398FA190-CF47-4EC6-AB38-2D868AD73E8B}.Release|Any CPU.ActiveCfg = Release|Any CPU
		{398FA190-CF47-4EC6-AB38-2D868AD73E8B}.Release|Any CPU.Build.0 = Release|Any CPU
		{398FA190-CF47-4EC6-AB38-2D868AD73E8B}.Release|x64.ActiveCfg = Release|Any CPU
		{398FA190-CF47-4EC6-AB38-2D868AD73E8B}.Release|x64.Build.0 = Release|Any CPU
		{38BF60CA-D059-4E58-A4F3-5DF86C6FCF39}.Debug|Any CPU.ActiveCfg = Debug|Any CPU
		{38BF60CA-D059-4E58-A4F3-5DF86C6FCF39}.Debug|Any CPU.Build.0 = Debug|Any CPU
		{38BF60CA-D059-4E58-A4F3-5DF86C6FCF39}.Debug|x64.ActiveCfg = Debug|Any CPU
		{38BF60CA-D059-4E58-A4F3-5DF86C6FCF39}.Debug|x64.Build.0 = Debug|Any CPU
		{38BF60CA-D059-4E58-A4F3-5DF86C6FCF39}.Release|Any CPU.ActiveCfg = Release|Any CPU
		{38BF60CA-D059-4E58-A4F3-5DF86C6FCF39}.Release|Any CPU.Build.0 = Release|Any CPU
		{38BF60CA-D059-4E58-A4F3-5DF86C6FCF39}.Release|x64.ActiveCfg = Release|Any CPU
		{38BF60CA-D059-4E58-A4F3-5DF86C6FCF39}.Release|x64.Build.0 = Release|Any CPU
		{6486BE48-2EA5-456A-AD16-1D3F0D93E894}.Debug|Any CPU.ActiveCfg = Debug|Any CPU
		{6486BE48-2EA5-456A-AD16-1D3F0D93E894}.Debug|Any CPU.Build.0 = Debug|Any CPU
		{6486BE48-2EA5-456A-AD16-1D3F0D93E894}.Debug|x64.ActiveCfg = Debug|Any CPU
		{6486BE48-2EA5-456A-AD16-1D3F0D93E894}.Debug|x64.Build.0 = Debug|Any CPU
		{6486BE48-2EA5-456A-AD16-1D3F0D93E894}.Release|Any CPU.ActiveCfg = Release|Any CPU
		{6486BE48-2EA5-456A-AD16-1D3F0D93E894}.Release|Any CPU.Build.0 = Release|Any CPU
		{6486BE48-2EA5-456A-AD16-1D3F0D93E894}.Release|x64.ActiveCfg = Release|Any CPU
		{6486BE48-2EA5-456A-AD16-1D3F0D93E894}.Release|x64.Build.0 = Release|Any CPU
		{EB4891B7-0417-43AD-9F39-AC649E929ED0}.Debug|Any CPU.ActiveCfg = Debug|Any CPU
		{EB4891B7-0417-43AD-9F39-AC649E929ED0}.Debug|Any CPU.Build.0 = Debug|Any CPU
		{EB4891B7-0417-43AD-9F39-AC649E929ED0}.Debug|x64.ActiveCfg = Debug|Any CPU
		{EB4891B7-0417-43AD-9F39-AC649E929ED0}.Debug|x64.Build.0 = Debug|Any CPU
		{EB4891B7-0417-43AD-9F39-AC649E929ED0}.Release|Any CPU.ActiveCfg = Release|Any CPU
		{EB4891B7-0417-43AD-9F39-AC649E929ED0}.Release|Any CPU.Build.0 = Release|Any CPU
		{EB4891B7-0417-43AD-9F39-AC649E929ED0}.Release|x64.ActiveCfg = Release|Any CPU
		{EB4891B7-0417-43AD-9F39-AC649E929ED0}.Release|x64.Build.0 = Release|Any CPU
		{7D0ED2F3-0E4C-42DF-A44A-431826C310D7}.Debug|Any CPU.ActiveCfg = Debug|Any CPU
		{7D0ED2F3-0E4C-42DF-A44A-431826C310D7}.Debug|Any CPU.Build.0 = Debug|Any CPU
		{7D0ED2F3-0E4C-42DF-A44A-431826C310D7}.Debug|x64.ActiveCfg = Debug|Any CPU
		{7D0ED2F3-0E4C-42DF-A44A-431826C310D7}.Debug|x64.Build.0 = Debug|Any CPU
		{7D0ED2F3-0E4C-42DF-A44A-431826C310D7}.Release|Any CPU.ActiveCfg = Release|Any CPU
		{7D0ED2F3-0E4C-42DF-A44A-431826C310D7}.Release|Any CPU.Build.0 = Release|Any CPU
		{7D0ED2F3-0E4C-42DF-A44A-431826C310D7}.Release|x64.ActiveCfg = Release|Any CPU
		{7D0ED2F3-0E4C-42DF-A44A-431826C310D7}.Release|x64.Build.0 = Release|Any CPU
		{1042B32D-AF2B-4F5D-A310-44127209B3B3}.Debug|Any CPU.ActiveCfg = Debug|Any CPU
		{1042B32D-AF2B-4F5D-A310-44127209B3B3}.Debug|Any CPU.Build.0 = Debug|Any CPU
		{1042B32D-AF2B-4F5D-A310-44127209B3B3}.Debug|x64.ActiveCfg = Debug|Any CPU
		{1042B32D-AF2B-4F5D-A310-44127209B3B3}.Debug|x64.Build.0 = Debug|Any CPU
		{1042B32D-AF2B-4F5D-A310-44127209B3B3}.Release|Any CPU.ActiveCfg = Release|Any CPU
		{1042B32D-AF2B-4F5D-A310-44127209B3B3}.Release|Any CPU.Build.0 = Release|Any CPU
		{1042B32D-AF2B-4F5D-A310-44127209B3B3}.Release|x64.ActiveCfg = Release|Any CPU
		{1042B32D-AF2B-4F5D-A310-44127209B3B3}.Release|x64.Build.0 = Release|Any CPU
		{8163CED0-B21C-4C12-91A3-2E49FE10834E}.Debug|Any CPU.ActiveCfg = Debug|Any CPU
		{8163CED0-B21C-4C12-91A3-2E49FE10834E}.Debug|Any CPU.Build.0 = Debug|Any CPU
		{8163CED0-B21C-4C12-91A3-2E49FE10834E}.Debug|x64.ActiveCfg = Debug|Any CPU
		{8163CED0-B21C-4C12-91A3-2E49FE10834E}.Debug|x64.Build.0 = Debug|Any CPU
		{8163CED0-B21C-4C12-91A3-2E49FE10834E}.Release|Any CPU.ActiveCfg = Release|Any CPU
		{8163CED0-B21C-4C12-91A3-2E49FE10834E}.Release|Any CPU.Build.0 = Release|Any CPU
		{8163CED0-B21C-4C12-91A3-2E49FE10834E}.Release|x64.ActiveCfg = Release|Any CPU
		{8163CED0-B21C-4C12-91A3-2E49FE10834E}.Release|x64.Build.0 = Release|Any CPU
	EndGlobalSection
	GlobalSection(SolutionProperties) = preSolution
		HideSolutionNode = FALSE
	EndGlobalSection
	GlobalSection(ExtensibilityGlobals) = postSolution
		SolutionGuid = {9917936B-BCD1-49E4-897D-B2CA658CBA31}
	EndGlobalSection
	GlobalSection(Performance) = preSolution
		HasPerformanceSessions = true
	EndGlobalSection
EndGlobal
